{
    "_readme": [
        "This file locks the dependencies of your project to a known state",
        "Read more about it at https://getcomposer.org/doc/01-basic-usage.md#composer-lock-the-lock-file",
        "This file is @generated automatically"
    ],
    "hash": "978713a11a2d5b7fa5279738f6af53aa",
    "content-hash": "1967db50c692fc4883a3c4e24b1b4b41",
    "packages": [
        {
            "name": "composer/installers",
            "version": "v1.2.0",
            "source": {
                "type": "git",
                "url": "https://github.com/composer/installers.git",
                "reference": "d78064c68299743e0161004f2de3a0204e33b804"
            },
            "dist": {
                "type": "zip",
                "url": "https://api.github.com/repos/composer/installers/zipball/d78064c68299743e0161004f2de3a0204e33b804",
                "reference": "d78064c68299743e0161004f2de3a0204e33b804",
                "shasum": ""
            },
            "require": {
                "composer-plugin-api": "^1.0"
            },
            "replace": {
                "roundcube/plugin-installer": "*",
                "shama/baton": "*"
            },
            "require-dev": {
                "composer/composer": "1.0.*@dev",
                "phpunit/phpunit": "4.1.*"
            },
            "type": "composer-plugin",
            "extra": {
                "class": "Composer\\Installers\\Plugin",
                "branch-alias": {
                    "dev-master": "1.0-dev"
                }
            },
            "autoload": {
                "psr-4": {
                    "Composer\\Installers\\": "src/Composer/Installers"
                }
            },
            "notification-url": "https://packagist.org/downloads/",
            "license": [
                "MIT"
            ],
            "authors": [
                {
                    "name": "Kyle Robinson Young",
                    "email": "kyle@dontkry.com",
                    "homepage": "https://github.com/shama"
                }
            ],
            "description": "A multi-framework Composer library installer",
            "homepage": "https://composer.github.io/installers/",
            "keywords": [
                "Craft",
                "Dolibarr",
                "Hurad",
                "ImageCMS",
                "MODX Evo",
                "Mautic",
                "OXID",
                "Plentymarkets",
                "RadPHP",
                "SMF",
                "Thelia",
                "WolfCMS",
                "agl",
                "aimeos",
                "annotatecms",
                "attogram",
                "bitrix",
                "cakephp",
                "chef",
                "cockpit",
                "codeigniter",
                "concrete5",
                "croogo",
                "dokuwiki",
                "drupal",
                "elgg",
                "expressionengine",
                "fuelphp",
                "grav",
                "installer",
                "joomla",
                "kohana",
                "laravel",
                "lithium",
                "magento",
                "mako",
                "mediawiki",
                "modulework",
                "moodle",
                "phpbb",
                "piwik",
                "ppi",
                "puppet",
                "reindex",
                "roundcube",
                "shopware",
                "silverstripe",
                "symfony",
                "typo3",
                "wordpress",
                "yawik",
                "zend",
                "zikula"
            ],
            "time": "2016-08-13 20:53:52"
        },
        {
            "name": "drewm/mailchimp-api",
            "version": "dev-master",
            "source": {
                "type": "git",
                "url": "https://github.com/drewm/mailchimp-api.git",
                "reference": "fe480bb652f85270227bf6d639b0026a531f21fc"
            },
            "dist": {
                "type": "zip",
                "url": "https://api.github.com/repos/drewm/mailchimp-api/zipball/fe480bb652f85270227bf6d639b0026a531f21fc",
                "reference": "fe480bb652f85270227bf6d639b0026a531f21fc",
                "shasum": ""
            },
            "require": {
                "ext-curl": "*",
                "php": ">=5.3"
            },
            "require-dev": {
                "phpunit/phpunit": "4.0.*",
                "vlucas/phpdotenv": "^2.0"
            },
            "type": "library",
            "autoload": {
                "psr-4": {
                    "DrewM\\MailChimp\\": "src"
                }
            },
            "notification-url": "https://packagist.org/downloads/",
            "license": [
                "MIT"
            ],
            "authors": [
                {
                    "name": "Drew McLellan",
                    "email": "drew.mclellan@gmail.com",
                    "homepage": "http://allinthehead.com/"
                }
            ],
            "description": "Super-simple, minimum abstraction MailChimp API v3 wrapper",
            "homepage": "https://github.com/drewm/mailchimp-api",
            "time": "2017-02-16 13:24:20"
        },
        {
            "name": "gabrielelana/byte-units",
            "version": "0.3.0",
            "source": {
                "type": "git",
                "url": "https://github.com/gabrielelana/byte-units.git",
                "reference": "95f310237235c7058b7b17b431ac3f009ef79270"
            },
            "dist": {
                "type": "zip",
                "url": "https://api.github.com/repos/gabrielelana/byte-units/zipball/95f310237235c7058b7b17b431ac3f009ef79270",
                "reference": "95f310237235c7058b7b17b431ac3f009ef79270",
                "shasum": ""
            },
            "require": {
                "php": ">=5.4.0"
            },
            "require-dev": {
                "phpunit/phpunit": "~4.0"
            },
            "type": "library",
            "autoload": {
                "psr-4": {
                    "ByteUnits\\": "src/ByteUnits"
                },
                "files": [
                    "src/ByteUnits/functions.php"
                ]
            },
            "notification-url": "https://packagist.org/downloads/",
            "license": [
                "MIT"
            ],
            "authors": [
                {
                    "name": "Gabriele Lana",
                    "email": "gabriele.lana@gmail.com"
                }
            ],
            "description": "Library to parse, format and convert byte units",
            "homepage": "https://github.com/gabrielelana/byte-units",
            "keywords": [
                "byte",
                "convert",
                "format",
                "parse",
                "size",
                "units"
            ],
            "time": "2015-06-03 12:57:06"
        },
        {
            "name": "guzzlehttp/guzzle",
            "version": "5.3.1",
            "source": {
                "type": "git",
                "url": "https://github.com/guzzle/guzzle.git",
                "reference": "70f1fa53b71c4647bf2762c09068a95f77e12fb8"
            },
            "dist": {
                "type": "zip",
                "url": "https://api.github.com/repos/guzzle/guzzle/zipball/70f1fa53b71c4647bf2762c09068a95f77e12fb8",
                "reference": "70f1fa53b71c4647bf2762c09068a95f77e12fb8",
                "shasum": ""
            },
            "require": {
                "guzzlehttp/ringphp": "^1.1",
                "php": ">=5.4.0"
            },
            "require-dev": {
                "ext-curl": "*",
                "phpunit/phpunit": "^4.0"
            },
            "type": "library",
            "autoload": {
                "psr-4": {
                    "GuzzleHttp\\": "src/"
                }
            },
            "notification-url": "https://packagist.org/downloads/",
            "license": [
                "MIT"
            ],
            "authors": [
                {
                    "name": "Michael Dowling",
                    "email": "mtdowling@gmail.com",
                    "homepage": "https://github.com/mtdowling"
                }
            ],
            "description": "Guzzle is a PHP HTTP client library and framework for building RESTful web service clients",
            "homepage": "http://guzzlephp.org/",
            "keywords": [
                "client",
                "curl",
                "framework",
                "http",
                "http client",
                "rest",
                "web service"
            ],
            "time": "2016-07-15 19:28:39"
        },
        {
            "name": "guzzlehttp/ringphp",
            "version": "1.1.0",
            "source": {
                "type": "git",
                "url": "https://github.com/guzzle/RingPHP.git",
                "reference": "dbbb91d7f6c191e5e405e900e3102ac7f261bc0b"
            },
            "dist": {
                "type": "zip",
                "url": "https://api.github.com/repos/guzzle/RingPHP/zipball/dbbb91d7f6c191e5e405e900e3102ac7f261bc0b",
                "reference": "dbbb91d7f6c191e5e405e900e3102ac7f261bc0b",
                "shasum": ""
            },
            "require": {
                "guzzlehttp/streams": "~3.0",
                "php": ">=5.4.0",
                "react/promise": "~2.0"
            },
            "require-dev": {
                "ext-curl": "*",
                "phpunit/phpunit": "~4.0"
            },
            "suggest": {
                "ext-curl": "Guzzle will use specific adapters if cURL is present"
            },
            "type": "library",
            "extra": {
                "branch-alias": {
                    "dev-master": "1.1-dev"
                }
            },
            "autoload": {
                "psr-4": {
                    "GuzzleHttp\\Ring\\": "src/"
                }
            },
            "notification-url": "https://packagist.org/downloads/",
            "license": [
                "MIT"
            ],
            "authors": [
                {
                    "name": "Michael Dowling",
                    "email": "mtdowling@gmail.com",
                    "homepage": "https://github.com/mtdowling"
                }
            ],
            "description": "Provides a simple API and specification that abstracts away the details of HTTP into a single PHP function.",
            "time": "2015-05-20 03:37:09"
        },
        {
            "name": "guzzlehttp/streams",
            "version": "3.0.0",
            "source": {
                "type": "git",
                "url": "https://github.com/guzzle/streams.git",
                "reference": "47aaa48e27dae43d39fc1cea0ccf0d84ac1a2ba5"
            },
            "dist": {
                "type": "zip",
                "url": "https://api.github.com/repos/guzzle/streams/zipball/47aaa48e27dae43d39fc1cea0ccf0d84ac1a2ba5",
                "reference": "47aaa48e27dae43d39fc1cea0ccf0d84ac1a2ba5",
                "shasum": ""
            },
            "require": {
                "php": ">=5.4.0"
            },
            "require-dev": {
                "phpunit/phpunit": "~4.0"
            },
            "type": "library",
            "extra": {
                "branch-alias": {
                    "dev-master": "3.0-dev"
                }
            },
            "autoload": {
                "psr-4": {
                    "GuzzleHttp\\Stream\\": "src/"
                }
            },
            "notification-url": "https://packagist.org/downloads/",
            "license": [
                "MIT"
            ],
            "authors": [
                {
                    "name": "Michael Dowling",
                    "email": "mtdowling@gmail.com",
                    "homepage": "https://github.com/mtdowling"
                }
            ],
            "description": "Provides a simple abstraction over streams of data",
            "homepage": "http://guzzlephp.org/",
            "keywords": [
                "Guzzle",
                "stream"
            ],
            "time": "2014-10-12 19:18:40"
        },
        {
            "name": "ins0/google-measurement-php-client",
            "version": "dev-master",
            "source": {
                "type": "git",
                "url": "https://github.com/ins0/google-measurement-php-client.git",
                "reference": "415cabca0c6d83cd0bd6a8ed6fb695b35f892018"
            },
            "dist": {
                "type": "zip",
                "url": "https://api.github.com/repos/ins0/google-measurement-php-client/zipball/415cabca0c6d83cd0bd6a8ed6fb695b35f892018",
                "reference": "415cabca0c6d83cd0bd6a8ed6fb695b35f892018",
                "shasum": ""
            },
            "require": {
                "php": ">=5.3.3"
            },
            "require-dev": {
                "phpmd/phpmd": "~2.1",
                "phpunit/phpunit": "4.0.*",
                "squizlabs/php_codesniffer": "~2.0.0@RC"
            },
            "type": "library",
            "extra": {
                "branch-alias": {
                    "dev-master": "2.1.x-dev"
                }
            },
            "autoload": {
                "psr-0": {
                    "Racecore\\GATracking": "src/"
                }
            },
            "notification-url": "https://packagist.org/downloads/",
            "license": [
                "BSD-3-Clause"
            ],
            "authors": [
                {
                    "name": "Marco Rieger",
                    "email": "rieger@racecore.de"
                }
            ],
            "description": "Server-Side PHP Client to communicate to Google Analytics over the Google Measurement Protocol",
            "homepage": "http://www.racecore.de/",
            "keywords": [
                "analytics",
                "client",
                "google",
                "measurement"
            ],
            "time": "2017-01-18 10:41:47"
        },
        {
            "name": "mandrill/mandrill",
            "version": "dev-master",
            "source": {
                "type": "git",
                "url": "https://bitbucket.org/mailchimp/mandrill-api-php.git",
                "reference": "da3adc10042eafac2e53de141b358a52b8e53596"
            },
            "dist": {
                "type": "zip",
                "url": "https://bitbucket.org/mailchimp/mandrill-api-php/get/da3adc10042eafac2e53de141b358a52b8e53596.zip",
                "reference": "da3adc10042eafac2e53de141b358a52b8e53596",
                "shasum": ""
            },
            "require": {
                "php": ">=5.2.0"
            },
            "type": "library",
            "autoload": {
                "psr-0": {
                    "Mandrill": "src/"
                }
            },
            "notification-url": "https://packagist.org/downloads/",
            "license": [
                "Apache-2.0"
            ],
            "authors": [
                {
                    "name": "Mandrill Devs",
                    "email": "community@mandrill.com",
                    "homepage": "http://mandrill.com",
                    "role": "Developer"
                }
            ],
            "description": "API client library for the Mandrill email as a service platform",
            "homepage": "https://bitbucket.org/mailchimp/mandrill-api-php",
            "keywords": [
                "api",
                "email"
            ],
            "time": "2015-09-22 11:58:03"
        },
        {
            "name": "norkunas/onesignal-php-api",
            "version": "v0.1.13",
            "source": {
                "type": "git",
                "url": "https://github.com/norkunas/onesignal-php-api.git",
                "reference": "8d9a1a36dff9906a9674b5e4da9aa2dbb49adfa5"
            },
            "dist": {
                "type": "zip",
                "url": "https://api.github.com/repos/norkunas/onesignal-php-api/zipball/8d9a1a36dff9906a9674b5e4da9aa2dbb49adfa5",
                "reference": "8d9a1a36dff9906a9674b5e4da9aa2dbb49adfa5",
                "shasum": ""
            },
            "require": {
                "guzzlehttp/guzzle": "~5.3",
                "php": ">=5.4.0|^7.0",
                "symfony/options-resolver": "~2.7|^3.0"
            },
            "require-dev": {
                "phpunit/phpunit": "~4.6"
            },
            "type": "library",
            "autoload": {
                "psr-4": {
                    "OneSignal\\": "src/"
                }
            },
            "notification-url": "https://packagist.org/downloads/",
            "license": [
                "MIT"
            ],
            "authors": [
                {
                    "name": "Tomas Norkūnas",
                    "email": "norkunas.tom@gmail.com"
                }
            ],
            "description": "OneSignal API for PHP",
            "keywords": [
                "api",
                "onesignal"
            ],
            "time": "2017-02-10 09:15:50"
        },
        {
            "name": "paquettg/php-html-parser",
            "version": "1.7.0",
            "source": {
                "type": "git",
                "url": "https://github.com/paquettg/php-html-parser.git",
                "reference": "18845e09831dd0772b88b51e788a4f74c701224c"
            },
            "dist": {
                "type": "zip",
                "url": "https://api.github.com/repos/paquettg/php-html-parser/zipball/18845e09831dd0772b88b51e788a4f74c701224c",
                "reference": "18845e09831dd0772b88b51e788a4f74c701224c",
                "shasum": ""
            },
            "require": {
                "paquettg/string-encode": "~0.1.0",
                "php": ">=5.4"
            },
            "require-dev": {
                "mockery/mockery": "~0.9.0",
                "phpunit/phpunit": "~4.8.0",
                "satooshi/php-coveralls": "~0.6.0"
            },
            "type": "library",
            "autoload": {
                "psr-0": {
                    "PHPHtmlParser": "src/"
                }
            },
            "notification-url": "https://packagist.org/downloads/",
            "license": [
                "MIT"
            ],
            "authors": [
                {
                    "name": "Gilles Paquette",
                    "email": "paquettg@gmail.com",
                    "homepage": "http://gillespaquette.ca"
                }
            ],
            "description": "An HTML DOM parser. It allows you to manipulate HTML. Find tags on an HTML page with selectors just like jQuery.",
            "homepage": "https://github.com/paquettg/php-html-parser",
            "keywords": [
                "dom",
                "html",
                "parser"
            ],
            "time": "2016-04-06 15:24:40"
        },
        {
            "name": "paquettg/string-encode",
            "version": "0.1.1",
            "source": {
                "type": "git",
                "url": "https://github.com/paquettg/string-encoder.git",
                "reference": "cf08343649701979f581c1601d01247fa3782439"
            },
            "dist": {
                "type": "zip",
                "url": "https://api.github.com/repos/paquettg/string-encoder/zipball/cf08343649701979f581c1601d01247fa3782439",
                "reference": "cf08343649701979f581c1601d01247fa3782439",
                "shasum": ""
            },
            "require": {
                "php": ">=5.4"
            },
            "require-dev": {
                "phpunit/phpunit": "3.7.*"
            },
            "type": "library",
            "autoload": {
                "psr-0": {
                    "stringEncode": "src/"
                }
            },
            "notification-url": "https://packagist.org/downloads/",
            "license": [
                "MIT"
            ],
            "authors": [
                {
                    "name": "Gilles Paquette",
                    "email": "paquettg@gmail.com",
                    "homepage": "http://gillespaquette.ca"
                }
            ],
            "description": "Facilitating the process of altering string encoding in PHP.",
            "homepage": "https://github.com/paquettg/string-encoder",
            "keywords": [
                "charset",
                "encoding",
                "string"
            ],
            "time": "2014-05-29 18:38:09"
        },
        {
            "name": "ps/image-optimizer",
            "version": "1.0.6",
            "source": {
                "type": "git",
                "url": "https://github.com/psliwa/image-optimizer.git",
                "reference": "1baef5d585e1af2728bed93717c30e8163846439"
            },
            "dist": {
                "type": "zip",
                "url": "https://api.github.com/repos/psliwa/image-optimizer/zipball/1baef5d585e1af2728bed93717c30e8163846439",
                "reference": "1baef5d585e1af2728bed93717c30e8163846439",
                "shasum": ""
            },
            "require": {
                "psr/log": "1.0.*",
                "symfony/options-resolver": "~2.1 | ~3.0",
                "symfony/process": "~2.0 | ~3.0"
            },
            "type": "library",
            "autoload": {
                "psr-0": {
                    "ImageOptimizer": "src/"
                }
            },
            "notification-url": "https://packagist.org/downloads/",
            "license": [
                "MIT"
            ],
            "authors": [
                {
                    "name": "Piotr Sliwa",
                    "email": "peter.pl7@gmail.com"
                }
            ],
            "description": "Image optimization / compression library. This library is able to optimize png, jpg and gif files in very easy and handy way. It uses optipng, pngquant, pngcrush, pngout, gifsicle, jpegoptim and jpegtran tools.",
            "keywords": [
                "compression",
                "image",
                "image optimizer",
                "jpegoptim",
                "optimization",
                "optipng"
            ],
            "time": "2016-01-16 15:05:52"
        },
        {
            "name": "psr/log",
            "version": "1.0.2",
            "source": {
                "type": "git",
                "url": "https://github.com/php-fig/log.git",
                "reference": "4ebe3a8bf773a19edfe0a84b6585ba3d401b724d"
            },
            "dist": {
                "type": "zip",
                "url": "https://api.github.com/repos/php-fig/log/zipball/4ebe3a8bf773a19edfe0a84b6585ba3d401b724d",
                "reference": "4ebe3a8bf773a19edfe0a84b6585ba3d401b724d",
                "shasum": ""
            },
            "require": {
                "php": ">=5.3.0"
            },
            "type": "library",
            "extra": {
                "branch-alias": {
                    "dev-master": "1.0.x-dev"
                }
            },
            "autoload": {
                "psr-4": {
                    "Psr\\Log\\": "Psr/Log/"
                }
            },
            "notification-url": "https://packagist.org/downloads/",
            "license": [
                "MIT"
            ],
            "authors": [
                {
                    "name": "PHP-FIG",
                    "homepage": "http://www.php-fig.org/"
                }
            ],
            "description": "Common interface for logging libraries",
            "homepage": "https://github.com/php-fig/log",
            "keywords": [
                "log",
                "psr",
                "psr-3"
            ],
            "time": "2016-10-10 12:19:37"
        },
        {
            "name": "react/promise",
            "version": "v2.5.0",
            "source": {
                "type": "git",
                "url": "https://github.com/reactphp/promise.git",
                "reference": "2760f3898b7e931aa71153852dcd48a75c9b95db"
            },
            "dist": {
                "type": "zip",
                "url": "https://api.github.com/repos/reactphp/promise/zipball/2760f3898b7e931aa71153852dcd48a75c9b95db",
                "reference": "2760f3898b7e931aa71153852dcd48a75c9b95db",
                "shasum": ""
            },
            "require": {
                "php": ">=5.4.0"
            },
            "type": "library",
            "autoload": {
                "psr-4": {
                    "React\\Promise\\": "src/"
                },
                "files": [
                    "src/functions_include.php"
                ]
            },
            "notification-url": "https://packagist.org/downloads/",
            "license": [
                "MIT"
            ],
            "authors": [
                {
                    "name": "Jan Sorgalla",
                    "email": "jsorgalla@gmail.com"
                }
            ],
            "description": "A lightweight implementation of CommonJS Promises/A for PHP",
            "keywords": [
                "promise",
                "promises"
            ],
            "time": "2016-12-22 14:09:01"
        },
        {
            "name": "roave/security-advisories",
            "version": "dev-master",
            "source": {
                "type": "git",
                "url": "https://github.com/Roave/SecurityAdvisories.git",
                "reference": "411283676149d8b8e8ee53ec621d84099e548090"
            },
            "dist": {
                "type": "zip",
                "url": "https://api.github.com/repos/Roave/SecurityAdvisories/zipball/411283676149d8b8e8ee53ec621d84099e548090",
                "reference": "411283676149d8b8e8ee53ec621d84099e548090",
                "shasum": ""
            },
            "conflict": {
                "adodb/adodb-php": "<5.20.6",
                "amphp/artax": ">=2,<2.0.4|>0.7.1,<1.0.4",
                "aws/aws-sdk-php": ">=3,<3.2.1",
                "bugsnag/bugsnag-laravel": ">=2,<2.0.2",
                "cakephp/cakephp": ">=3,<3.0.15|>=2,<2.4.99|>=2.5,<2.5.99|>=2.6,<2.6.12|>=1.3,<1.3.18|>=2.7,<2.7.6|>=3.1,<3.1.4",
                "cart2quote/module-quotation": ">=4.1.6,<=4.4.5|>=5,<5.4.4",
                "cartalyst/sentry": "<2.1",
                "codeigniter/framework": "<=3.0.6",
                "composer/composer": "<=1.0.0-alpha11",
                "contao-components/mediaelement": ">=2.14.2,<2.21.1",
                "contao/core": ">=2.11,<3.5.15",
                "doctrine/annotations": ">=1,<1.2.7",
                "doctrine/cache": ">=1,<1.3.2|>=1.4,<1.4.2",
                "doctrine/common": ">=2,<2.4.3|>=2.5,<2.5.1",
                "doctrine/dbal": ">=2,<2.0.8|>=2.1,<2.1.2",
                "doctrine/doctrine-bundle": "<1.5.2",
                "doctrine/doctrine-module": "<=0.7.1",
                "doctrine/mongodb-odm": ">=1,<1.0.2",
                "doctrine/mongodb-odm-bundle": ">=2,<3.0.1",
                "doctrine/orm": ">=2,<2.4.8|>=2.5,<2.5.1",
                "dompdf/dompdf": ">=0.6,<0.6.2",
                "drupal/core": ">=8,<8.2.3",
                "drupal/drupal": ">=8,<8.2.3",
                "firebase/php-jwt": "<2",
                "friendsofsymfony/rest-bundle": ">=1.2,<1.2.2",
                "friendsofsymfony/user-bundle": ">=1.2,<1.3.5",
                "gregwar/rst": "<1.0.3",
                "guzzlehttp/guzzle": ">=6,<6.2.1|>=4.0.0-rc2,<4.2.4|>=5,<5.3.1",
                "illuminate/auth": ">=4,<4.0.99|>=4.1,<4.1.26",
                "illuminate/database": ">=4,<4.0.99|>=4.1,<4.1.29",
                "joomla/session": "<1.3.1",
                "laravel/framework": ">=4,<4.0.99|>=4.1,<4.1.29",
                "laravel/socialite": ">=1,<1.0.99|>=2,<2.0.10",
                "magento/magento1ce": ">=1.5.0.1,<1.9.3.2",
                "magento/magento1ee": ">=1.9,<1.14.3.2",
                "magento/magento2ce": ">=2,<2.2",
                "monolog/monolog": ">=1.8,<1.12",
                "namshi/jose": "<2.2",
                "oro/crm": ">=1.7,<1.7.4",
                "oro/platform": ">=1.7,<1.7.4",
                "phpmailer/phpmailer": ">=5,<5.2.22",
                "pusher/pusher-php-server": "<2.2.1",
                "sabre/dav": ">=1.6,<1.6.99|>=1.7,<1.7.11|>=1.8,<1.8.9",
                "shopware/shopware": "<4.4|>=5,<5.2.16",
                "silverstripe/cms": ">=3.1,<3.1.11|>=3,<=3.0.11",
                "silverstripe/forum": "<=0.6.1|>=0.7,<=0.7.3",
                "silverstripe/framework": ">=3,<3.3",
                "silverstripe/userforms": "<3",
                "simplesamlphp/saml2": "<1.8.1|>=1.9,<1.9.1|>=1.10,<1.10.3|>=2,<2.3.3",
                "simplesamlphp/simplesamlphp": "<1.14.11",
                "simplesamlphp/simplesamlphp-module-infocard": "<1.0.1",
                "socalnick/scn-social-auth": "<1.15.2",
                "swiftmailer/swiftmailer": ">=4,<5.4.5",
                "symfony/dependency-injection": ">=2,<2.0.17",
                "symfony/form": ">=2.3,<2.3.35|>=2.4,<2.6.12|>=2.7,<2.7.7",
                "symfony/framework-bundle": ">=2,<2.3.18|>=2.4,<2.4.8|>=2.5,<2.5.2",
                "symfony/http-foundation": ">=2,<2.3.27|>=2.4,<2.5.11|>=2.6,<2.6.6",
                "symfony/http-kernel": ">=2,<2.3.29|>=2.4,<2.5.12|>=2.6,<2.6.8",
                "symfony/routing": ">=2,<2.0.19",
                "symfony/security": ">=2.3,<2.3.37|>=2.4,<2.6.13|>=2.7,<2.7.9|>=2,<2.0.25|>=2.1,<2.1.13|>=2.2,<2.2.9",
                "symfony/security-core": ">=2.8,<2.8.6|>=3,<3.0.6|>=2.4,<2.6.13|>=2.7,<2.7.9",
                "symfony/security-http": ">=2.4,<2.7.13|>=2.3,<2.3.41|>=2.8,<2.8.6|>=3,<3.0.6",
                "symfony/serializer": ">=2,<2.0.11",
                "symfony/symfony": ">=2,<2.3.41|>=2.4,<2.7.13|>=2.8,<2.8.6|>=3,<3.0.6",
                "symfony/translation": ">=2,<2.0.17",
                "symfony/validator": ">=2,<2.0.24|>=2.1,<2.1.12|>=2.2,<2.2.5|>=2.3,<2.3.3",
                "symfony/web-profiler-bundle": ">=2,<2.3.19|>=2.4,<2.4.9|>=2.5,<2.5.4",
                "symfony/yaml": ">=2,<2.0.22|>=2.1,<2.1.7",
                "thelia/backoffice-default-template": ">=2.1,<2.1.2",
                "thelia/thelia": ">=2.1.0-beta1,<2.1.3|>=2.1,<2.1.2",
                "twig/twig": "<1.20",
                "typo3/cms": ">=6.2,<6.2.30|>=8,<8.4.1|>=7,<7.6.13",
                "typo3/flow": ">=2.3,<2.3.16|>=3,<3.0.10|>=3.1,<3.1.7|>=3.2,<3.2.7|>=3.3,<3.3.5|>=1,<1.0.4|>=1.1,<1.1.1|>=2,<2.0.1",
                "typo3/neos": ">=1.1,<1.1.3|>=1.2,<1.2.13|>=2,<2.0.4",
                "willdurand/js-translation-bundle": "<2.1.1",
                "yiisoft/yii": ">=1.1.14,<1.1.15",
                "yiisoft/yii2": "<2.0.5",
                "yiisoft/yii2-bootstrap": "<2.0.4",
                "yiisoft/yii2-dev": "<2.0.4",
                "yiisoft/yii2-gii": "<2.0.4",
                "yiisoft/yii2-jui": "<2.0.4",
                "zendframework/zend-cache": ">=2.4,<2.4.8|>=2.5,<2.5.3",
                "zendframework/zend-captcha": ">=2,<2.4.9|>=2.5,<2.5.2",
                "zendframework/zend-crypt": ">=2,<2.4.9|>=2.5,<2.5.2",
                "zendframework/zend-db": ">=2,<2.0.99|>=2.1,<2.1.99|>=2.2,<2.2.10|>=2.3,<2.3.5",
                "zendframework/zend-diactoros": ">=1,<1.0.4",
                "zendframework/zend-form": ">=2,<2.2.7|>=2.3,<2.3.1",
                "zendframework/zend-http": ">=2,<2.0.99|>=2.1,<2.1.99|>=2.3,<2.3.8|>=2.4,<2.4.1",
                "zendframework/zend-json": ">=2.1,<2.1.6|>=2.2,<2.2.6",
                "zendframework/zend-ldap": ">=2,<2.0.99|>=2.1,<2.1.99|>=2.2,<2.2.8|>=2.3,<2.3.3",
                "zendframework/zend-mail": ">=2,<2.4.11|>=2.5,<2.7.2",
                "zendframework/zend-navigation": ">=2,<2.2.7|>=2.3,<2.3.1",
                "zendframework/zend-session": ">=2,<2.0.99|>=2.1,<2.1.99|>=2.2,<2.2.9|>=2.3,<2.3.4",
                "zendframework/zend-validator": ">=2.3,<2.3.6",
                "zendframework/zend-view": ">=2,<2.2.7|>=2.3,<2.3.1",
                "zendframework/zend-xmlrpc": ">=2.1,<2.1.6|>=2.2,<2.2.6",
                "zendframework/zendframework": ">=2,<2.4.11|>=2.5,<2.5.1",
                "zendframework/zendframework1": "<1.12.20",
                "zendframework/zendopenid": ">=2,<2.0.2",
                "zendframework/zendxml": ">=1,<1.0.1",
                "zf-commons/zfc-user": "<1.2.2",
                "zfcampus/zf-apigility-doctrine": ">=1,<1.0.3",
                "zfr/zfr-oauth2-server-module": "<0.1.2"
            },
            "type": "metapackage",
            "notification-url": "https://packagist.org/downloads/",
            "license": [
                "MIT"
            ],
            "authors": [
                {
                    "name": "Marco Pivetta",
                    "email": "ocramius@gmail.com",
                    "role": "maintainer"
                }
            ],
            "description": "Prevents installation of composer packages with known security vulnerabilities: no API, simply require it",
            "time": "2017-02-08 16:26:47"
        },
        {
            "name": "swiftmailer/swiftmailer",
            "version": "v5.4.6",
            "source": {
                "type": "git",
                "url": "https://github.com/swiftmailer/swiftmailer.git",
                "reference": "81fdccfaf8bdc5d5d7a1ef6bb3a61bbb1a6c4a3e"
            },
            "dist": {
                "type": "zip",
                "url": "https://api.github.com/repos/swiftmailer/swiftmailer/zipball/81fdccfaf8bdc5d5d7a1ef6bb3a61bbb1a6c4a3e",
                "reference": "81fdccfaf8bdc5d5d7a1ef6bb3a61bbb1a6c4a3e",
                "shasum": ""
            },
            "require": {
                "php": ">=5.3.3"
            },
            "require-dev": {
                "mockery/mockery": "~0.9.1",
                "symfony/phpunit-bridge": "~3.2"
            },
            "type": "library",
            "extra": {
                "branch-alias": {
                    "dev-master": "5.4-dev"
                }
            },
            "autoload": {
                "files": [
                    "lib/swift_required.php"
                ]
            },
            "notification-url": "https://packagist.org/downloads/",
            "license": [
                "MIT"
            ],
            "authors": [
                {
                    "name": "Chris Corbyn"
                },
                {
                    "name": "Fabien Potencier",
                    "email": "fabien@symfony.com"
                }
            ],
            "description": "Swiftmailer, free feature-rich PHP mailer",
            "homepage": "http://swiftmailer.org",
            "keywords": [
                "email",
                "mail",
                "mailer"
            ],
            "time": "2017-02-13 07:52:53"
        },
        {
            "name": "symfony/finder",
            "version": "v2.8.17",
            "source": {
                "type": "git",
                "url": "https://github.com/symfony/finder.git",
                "reference": "355fccac526522dc5fca8ecf0e62749a149f3b8b"
            },
            "dist": {
                "type": "zip",
                "url": "https://api.github.com/repos/symfony/finder/zipball/355fccac526522dc5fca8ecf0e62749a149f3b8b",
                "reference": "355fccac526522dc5fca8ecf0e62749a149f3b8b",
                "shasum": ""
            },
            "require": {
                "php": ">=5.3.9"
            },
            "type": "library",
            "extra": {
                "branch-alias": {
                    "dev-master": "2.8-dev"
                }
            },
            "autoload": {
                "psr-4": {
                    "Symfony\\Component\\Finder\\": ""
                },
                "exclude-from-classmap": [
                    "/Tests/"
                ]
            },
            "notification-url": "https://packagist.org/downloads/",
            "license": [
                "MIT"
            ],
            "authors": [
                {
                    "name": "Fabien Potencier",
                    "email": "fabien@symfony.com"
                },
                {
                    "name": "Symfony Community",
                    "homepage": "https://symfony.com/contributors"
                }
            ],
            "description": "Symfony Finder Component",
            "homepage": "https://symfony.com",
            "time": "2017-01-02 20:30:24"
        },
        {
            "name": "symfony/options-resolver",
            "version": "v3.2.4",
            "source": {
                "type": "git",
                "url": "https://github.com/symfony/options-resolver.git",
                "reference": "855429e3e9014b9dafee2a667de304c3aaa86fe6"
            },
            "dist": {
                "type": "zip",
                "url": "https://api.github.com/repos/symfony/options-resolver/zipball/855429e3e9014b9dafee2a667de304c3aaa86fe6",
                "reference": "855429e3e9014b9dafee2a667de304c3aaa86fe6",
                "shasum": ""
            },
            "require": {
                "php": ">=5.5.9"
            },
            "type": "library",
            "extra": {
                "branch-alias": {
                    "dev-master": "3.2-dev"
                }
            },
            "autoload": {
                "psr-4": {
                    "Symfony\\Component\\OptionsResolver\\": ""
                },
                "exclude-from-classmap": [
                    "/Tests/"
                ]
            },
            "notification-url": "https://packagist.org/downloads/",
            "license": [
                "MIT"
            ],
            "authors": [
                {
                    "name": "Fabien Potencier",
                    "email": "fabien@symfony.com"
                },
                {
                    "name": "Symfony Community",
                    "homepage": "https://symfony.com/contributors"
                }
            ],
            "description": "Symfony OptionsResolver Component",
            "homepage": "https://symfony.com",
            "keywords": [
                "config",
                "configuration",
                "options"
            ],
            "time": "2017-01-02 20:32:22"
        },
        {
            "name": "symfony/process",
            "version": "v3.2.4",
            "source": {
                "type": "git",
                "url": "https://github.com/symfony/process.git",
                "reference": "0ab87c1e7570b3534a6e51eb4ca8e9f6d7327856"
            },
            "dist": {
                "type": "zip",
                "url": "https://api.github.com/repos/symfony/process/zipball/0ab87c1e7570b3534a6e51eb4ca8e9f6d7327856",
                "reference": "0ab87c1e7570b3534a6e51eb4ca8e9f6d7327856",
                "shasum": ""
            },
            "require": {
                "php": ">=5.5.9"
            },
            "type": "library",
            "extra": {
                "branch-alias": {
                    "dev-master": "3.2-dev"
                }
            },
            "autoload": {
                "psr-4": {
                    "Symfony\\Component\\Process\\": ""
                },
                "exclude-from-classmap": [
                    "/Tests/"
                ]
            },
            "notification-url": "https://packagist.org/downloads/",
            "license": [
                "MIT"
            ],
            "authors": [
                {
                    "name": "Fabien Potencier",
                    "email": "fabien@symfony.com"
                },
                {
                    "name": "Symfony Community",
                    "homepage": "https://symfony.com/contributors"
                }
            ],
            "description": "Symfony Process Component",
            "homepage": "https://symfony.com",
            "time": "2017-02-16 14:07:22"
        },
        {
            "name": "symfony/stopwatch",
            "version": "v2.8.17",
            "source": {
                "type": "git",
                "url": "https://github.com/symfony/stopwatch.git",
                "reference": "e8bb9de52febc4ee9922b33b1f04ba5feed457b8"
            },
            "dist": {
                "type": "zip",
                "url": "https://api.github.com/repos/symfony/stopwatch/zipball/e8bb9de52febc4ee9922b33b1f04ba5feed457b8",
                "reference": "e8bb9de52febc4ee9922b33b1f04ba5feed457b8",
                "shasum": ""
            },
            "require": {
                "php": ">=5.3.9"
            },
            "type": "library",
            "extra": {
                "branch-alias": {
                    "dev-master": "2.8-dev"
                }
            },
            "autoload": {
                "psr-4": {
                    "Symfony\\Component\\Stopwatch\\": ""
                },
                "exclude-from-classmap": [
                    "/Tests/"
                ]
            },
            "notification-url": "https://packagist.org/downloads/",
            "license": [
                "MIT"
            ],
            "authors": [
                {
                    "name": "Fabien Potencier",
                    "email": "fabien@symfony.com"
                },
                {
                    "name": "Symfony Community",
                    "homepage": "https://symfony.com/contributors"
                }
            ],
            "description": "Symfony Stopwatch Component",
            "homepage": "https://symfony.com",
            "time": "2017-01-02 20:30:24"
        },
        {
            "name": "unionofrad/lithium",
            "version": "v1.0.2",
            "source": {
                "type": "git",
                "url": "https://github.com/UnionOfRAD/lithium.git",
                "reference": "5d9a06b8667e20490ef5ccb3275be8824f77666b"
            },
            "dist": {
                "type": "zip",
                "url": "https://api.github.com/repos/UnionOfRAD/lithium/zipball/5d9a06b8667e20490ef5ccb3275be8824f77666b",
                "reference": "5d9a06b8667e20490ef5ccb3275be8824f77666b",
                "shasum": ""
            },
            "require": {
                "composer/installers": "1.*",
                "php": ">=5.3.6 <7.0.0"
            },
            "require-dev": {
                "unionofrad/li3_fixtures": "1.0.*"
            },
            "bin": [
                "console/li3"
            ],
            "type": "lithium-library",
            "notification-url": "https://packagist.org/downloads/",
            "license": [
                "BSD-3-Clause"
            ],
            "authors": [
                {
                    "name": "Union of RAD"
                },
                {
                    "name": "The Community"
                }
            ],
            "description": "The core library of the Lithium PHP framework",
            "homepage": "http://li3.me",
            "keywords": [
                "framework",
                "li3",
                "lithium"
            ],
            "time": "2016-08-26 13:33:49"
        },
        {
            "name": "verot/class.upload.php",
            "version": "dev-master",
            "source": {
                "type": "git",
                "url": "https://github.com/verot/class.upload.php.git",
                "reference": "b983e880969d0d980b77881cb82139361d4e0c63"
            },
            "dist": {
                "type": "zip",
                "url": "https://api.github.com/repos/verot/class.upload.php/zipball/b983e880969d0d980b77881cb82139361d4e0c63",
                "reference": "b983e880969d0d980b77881cb82139361d4e0c63",
                "shasum": ""
            },
            "require": {
                "php": ">=4"
            },
            "type": "library",
            "autoload": {
                "classmap": [
                    "src/class.upload.php"
                ]
            },
            "notification-url": "https://packagist.org/downloads/",
            "license": [
                "GPLv2"
            ],
            "authors": [
                {
                    "name": "Colin Verot",
                    "email": "colin@verot.net"
                }
            ],
            "description": "This PHP class uploads files and manipulates images very easily.",
            "homepage": "http://www.verot.net/php_class_upload.htm",
            "keywords": [
                "gd",
                "upload"
            ],
            "time": "2017-01-24 00:19:49"
        }
    ],
    "packages-dev": [],
    "aliases": [],
    "minimum-stability": "stable",
    "stability-flags": {
        "roave/security-advisories": 20,
        "ins0/google-measurement-php-client": 20,
        "verot/class.upload.php": 20,
        "drewm/mailchimp-api": 20,
        "mandrill/mandrill": 20
    },
    "prefer-stable": false,
    "prefer-lowest": false,
    "platform": [],
    "platform-dev": []
}
