{
    "_readme": [
        "This file locks the dependencies of your project to a known state",
        "Read more about it at https://getcomposer.org/doc/01-basic-usage.md#composer-lock-the-lock-file",
        "This file is @generated automatically"
    ],
    "hash": "72775a748946987ee7fb9b1e3d5c70b6",
    "packages": [
        {
            "name": "ins0/google-measurement-php-client",
            "version": "dev-master",
            "source": {
                "type": "git",
                "url": "https://github.com/ins0/google-measurement-php-client.git",
                "reference": "2f10e4269784d31f2d41ff563568c8a1913a0c12"
            },
            "dist": {
                "type": "zip",
                "url": "https://api.github.com/repos/ins0/google-measurement-php-client/zipball/2f10e4269784d31f2d41ff563568c8a1913a0c12",
                "reference": "2f10e4269784d31f2d41ff563568c8a1913a0c12",
                "shasum": ""
            },
            "require": {
                "php": ">=5.3.3"
            },
            "require-dev": {
                "phpmd/phpmd": "~2.1",
                "phpunit/phpunit": "4.0.*",
                "squizlabs/php_codesniffer": "~2.0.0@RC"
            },
            "type": "library",
            "extra": {
                "branch-alias": {
                    "dev-master": "2.0.x-dev"
                }
            },
            "autoload": {
                "psr-0": {
                    "Racecore\\GATracking": "src/"
                }
            },
            "notification-url": "https://packagist.org/downloads/",
            "license": [
                "BSD-3-Clause"
            ],
            "authors": [
                {
                    "name": "Marco Rieger",
                    "email": "rieger@racecore.de"
                }
            ],
            "description": "Server-Side PHP Client to communicate to Google Analytics over the Google Measurement Protocol",
            "homepage": "http://www.racecore.de/",
            "keywords": [
                "analytics",
                "client",
                "google",
                "measurement"
            ],
            "time": "2015-03-04 13:00:32"
        }
    ],
    "packages-dev": [],
    "aliases": [],
    "minimum-stability": "stable",
    "stability-flags": {
        "ins0/google-measurement-php-client": 20
    },
    "prefer-stable": false,
    "prefer-lowest": false,
    "platform": [],
    "platform-dev": []
}
